
Microsoft Visual Studio Solution File, Format Version 12.00
# Visual Studio Version 16
VisualStudioVersion = 16.0.30611.23
MinimumVisualStudioVersion = 10.0.40219.1
Project("{FAE04EC0-301F-11D3-BF4B-00C04F79EFBC}") = "Dark Admin Panel", "Dark Admin Panel.csproj", "{40A67B7B-5282-4D95-A133-D1DFF7DFED66}"
EndProject
Global
	GlobalSection(SolutionConfigurationPlatforms) = preSolution
		Debug|Any CPU = Debug|Any CPU
		Release|Any CPU = Release|Any CPU
	EndGlobalSection
	GlobalSection(ProjectConfigurationPlatforms) = postSolution
		{40A67B7B-5282-4D95-A133-D1DFF7DFED66}.Debug|Any CPU.ActiveCfg = Debug|Any CPU
		{40A67B7B-5282-4D95-A133-D1DFF7DFED66}.Debug|Any CPU.Build.0 = Debug|Any CPU
		{40A67B7B-5282-4D95-A133-D1DFF7DFED66}.Release|Any CPU.ActiveCfg = Release|Any CPU
		{40A67B7B-5282-4D95-A133-D1DFF7DFED66}.Release|Any CPU.Build.0 = Release|Any CPU
	EndGlobalSection
	GlobalSection(SolutionProperties) = preSolution
		HideSolutionNode = FALSE
	EndGlobalSection
	GlobalSection(ExtensibilityGlobals) = postSolution
		SolutionGuid = {EFA2C133-5036-49BA-B4C9-DD946D33FBA0}
	EndGlobalSection
EndGlobal
